
Microsoft Visual Studio Solution File, Format Version 12.00
# Visual Studio Version 17
VisualStudioVersion = 17.3.32811.315
MinimumVisualStudioVersion = 10.0.40219.1
Project("{9A19103F-16F7-4668-BE54-9A1E7A4F7556}") = "Console", "Console\Console.csproj", "{CDC7B709-AA90-46E8-8651-684A8887C4AD}"
EndProject
Project("{2150E333-8FDC-42A3-9474-1A3956D46DE8}") = "1- Intro NET", "1- Intro NET", "{2545C598-4B32-4625-83C7-5902A397B431}"
EndProject
Project("{9A19103F-16F7-4668-BE54-9A1E7A4F7556}") = "Ejercicio_01", "Ejercicio_01\Ejercicio_01.csproj", "{E2F6BFE3-634E-4C05-BB2A-573D6BD2571C}"
EndProject
Project("{9A19103F-16F7-4668-BE54-9A1E7A4F7556}") = "Ejercicio_02", "Ejercicio_02\Ejercicio_02.csproj", "{365B2778-F23C-41F8-8FAC-9CF83BAB6AEF}"
EndProject
Project("{9A19103F-16F7-4668-BE54-9A1E7A4F7556}") = "Ejercicio_03", "Ejercicio_03\Ejercicio_03.csproj", "{97355278-2A44-411C-B9F6-984148C90064}"
EndProject
Project("{9A19103F-16F7-4668-BE54-9A1E7A4F7556}") = "Ejercicio_04", "Ejercicio_04\Ejercicio_04.csproj", "{3EC6D9CD-E93D-4F0E-ABFF-EEF16CA00606}"
EndProject
Project("{9A19103F-16F7-4668-BE54-9A1E7A4F7556}") = "Ejercicio_05", "Ejercicio_05\Ejercicio_05.csproj", "{A8B9A528-8CEE-4C46-A13C-979E7BAEEF07}"
EndProject
Project("{9A19103F-16F7-4668-BE54-9A1E7A4F7556}") = "Ejercicio_06", "Ejercicio_06\Ejercicio_06.csproj", "{5AB80B54-2BC8-4351-AE49-C9A164285DD4}"
EndProject
Project("{9A19103F-16F7-4668-BE54-9A1E7A4F7556}") = "Ejercicio_07", "Ejercicio_07\Ejercicio_07.csproj", "{4DA4A7D8-CFB0-469E-B75D-CF8F0BB31240}"
EndProject
Project("{9A19103F-16F7-4668-BE54-9A1E7A4F7556}") = "Ejercicio_08", "Ejercicio_08\Ejercicio_08.csproj", "{D0F186ED-8059-4C63-BAC1-E0E31398E19B}"
EndProject
Project("{9A19103F-16F7-4668-BE54-9A1E7A4F7556}") = "Ejercicio_09", "Ejercicio_09\Ejercicio_09.csproj", "{45EBA692-2E1A-4597-B88A-E6FEF0FCBF0C}"
EndProject
Project("{2150E333-8FDC-42A3-9474-1A3956D46DE8}") = "2- CyM Estaticos", "2- CyM Estaticos", "{1E8366F9-6154-49FF-98F4-9AA2B22C095F}"
EndProject
Project("{9A19103F-16F7-4668-BE54-9A1E7A4F7556}") = "2_Ejercicio_01", "2_Ejercicio_01\2_Ejercicio_01.csproj", "{CB56B352-ED0E-41EC-B712-9536E9D351DE}"
EndProject
Project("{9A19103F-16F7-4668-BE54-9A1E7A4F7556}") = "2_Ejercicio_02", "2_Ejercicio_02\2_Ejercicio_02.csproj", "{63044CED-B199-489E-84BB-3CC386745F18}"
EndProject
Project("{9A19103F-16F7-4668-BE54-9A1E7A4F7556}") = "2_Ejercicio_03", "2_Ejercicio_03\2_Ejercicio_03.csproj", "{BDA6B0BA-AF9F-4B7C-A7BD-8EE77C83ACCF}"
EndProject
Project("{9A19103F-16F7-4668-BE54-9A1E7A4F7556}") = "2_Ejercicio_04", "2_Ejercicio_04\2_Ejercicio_04.csproj", "{53D42206-66BD-42B1-A2A1-114692C72F1E}"
EndProject
Project("{9A19103F-16F7-4668-BE54-9A1E7A4F7556}") = "2_Ejercicio_05", "2_Ejercicio_05\2_Ejercicio_05.csproj", "{4EEA3E95-FBD5-4089-B66C-0B33556444FB}"
EndProject
Project("{9A19103F-16F7-4668-BE54-9A1E7A4F7556}") = "2_Ejercicio_06", "2_Ejercicio_06\2_Ejercicio_06.csproj", "{4D30D51A-DBA2-4FF6-A29B-012928242DCB}"
EndProject
Project("{FAE04EC0-301F-11D3-BF4B-00C04F79EFBC}") = "2_Ejercicio_A01", "2_Ejercicio_A01\2_Ejercicio_A01.csproj", "{7901F11A-357D-4ABE-BB8A-0B968E6BA1B0}"
EndProject
Global
	GlobalSection(SolutionConfigurationPlatforms) = preSolution
		Debug|Any CPU = Debug|Any CPU
		Release|Any CPU = Release|Any CPU
	EndGlobalSection
	GlobalSection(ProjectConfigurationPlatforms) = postSolution
		{CDC7B709-AA90-46E8-8651-684A8887C4AD}.Debug|Any CPU.ActiveCfg = Debug|Any CPU
		{CDC7B709-AA90-46E8-8651-684A8887C4AD}.Debug|Any CPU.Build.0 = Debug|Any CPU
		{CDC7B709-AA90-46E8-8651-684A8887C4AD}.Release|Any CPU.ActiveCfg = Release|Any CPU
		{CDC7B709-AA90-46E8-8651-684A8887C4AD}.Release|Any CPU.Build.0 = Release|Any CPU
		{E2F6BFE3-634E-4C05-BB2A-573D6BD2571C}.Debug|Any CPU.ActiveCfg = Debug|Any CPU
		{E2F6BFE3-634E-4C05-BB2A-573D6BD2571C}.Debug|Any CPU.Build.0 = Debug|Any CPU
		{E2F6BFE3-634E-4C05-BB2A-573D6BD2571C}.Release|Any CPU.ActiveCfg = Release|Any CPU
		{E2F6BFE3-634E-4C05-BB2A-573D6BD2571C}.Release|Any CPU.Build.0 = Release|Any CPU
		{365B2778-F23C-41F8-8FAC-9CF83BAB6AEF}.Debug|Any CPU.ActiveCfg = Debug|Any CPU
		{365B2778-F23C-41F8-8FAC-9CF83BAB6AEF}.Debug|Any CPU.Build.0 = Debug|Any CPU
		{365B2778-F23C-41F8-8FAC-9CF83BAB6AEF}.Release|Any CPU.ActiveCfg = Release|Any CPU
		{365B2778-F23C-41F8-8FAC-9CF83BAB6AEF}.Release|Any CPU.Build.0 = Release|Any CPU
		{97355278-2A44-411C-B9F6-984148C90064}.Debug|Any CPU.ActiveCfg = Debug|Any CPU
		{97355278-2A44-411C-B9F6-984148C90064}.Debug|Any CPU.Build.0 = Debug|Any CPU
		{97355278-2A44-411C-B9F6-984148C90064}.Release|Any CPU.ActiveCfg = Release|Any CPU
		{97355278-2A44-411C-B9F6-984148C90064}.Release|Any CPU.Build.0 = Release|Any CPU
		{3EC6D9CD-E93D-4F0E-ABFF-EEF16CA00606}.Debug|Any CPU.ActiveCfg = Debug|Any CPU
		{3EC6D9CD-E93D-4F0E-ABFF-EEF16CA00606}.Debug|Any CPU.Build.0 = Debug|Any CPU
		{3EC6D9CD-E93D-4F0E-ABFF-EEF16CA00606}.Release|Any CPU.ActiveCfg = Release|Any CPU
		{3EC6D9CD-E93D-4F0E-ABFF-EEF16CA00606}.Release|Any CPU.Build.0 = Release|Any CPU
		{A8B9A528-8CEE-4C46-A13C-979E7BAEEF07}.Debug|Any CPU.ActiveCfg = Debug|Any CPU
		{A8B9A528-8CEE-4C46-A13C-979E7BAEEF07}.Debug|Any CPU.Build.0 = Debug|Any CPU
		{A8B9A528-8CEE-4C46-A13C-979E7BAEEF07}.Release|Any CPU.ActiveCfg = Release|Any CPU
		{A8B9A528-8CEE-4C46-A13C-979E7BAEEF07}.Release|Any CPU.Build.0 = Release|Any CPU
		{5AB80B54-2BC8-4351-AE49-C9A164285DD4}.Debug|Any CPU.ActiveCfg = Debug|Any CPU
		{5AB80B54-2BC8-4351-AE49-C9A164285DD4}.Debug|Any CPU.Build.0 = Debug|Any CPU
		{5AB80B54-2BC8-4351-AE49-C9A164285DD4}.Release|Any CPU.ActiveCfg = Release|Any CPU
		{5AB80B54-2BC8-4351-AE49-C9A164285DD4}.Release|Any CPU.Build.0 = Release|Any CPU
		{4DA4A7D8-CFB0-469E-B75D-CF8F0BB31240}.Debug|Any CPU.ActiveCfg = Debug|Any CPU
		{4DA4A7D8-CFB0-469E-B75D-CF8F0BB31240}.Debug|Any CPU.Build.0 = Debug|Any CPU
		{4DA4A7D8-CFB0-469E-B75D-CF8F0BB31240}.Release|Any CPU.ActiveCfg = Release|Any CPU
		{4DA4A7D8-CFB0-469E-B75D-CF8F0BB31240}.Release|Any CPU.Build.0 = Release|Any CPU
		{D0F186ED-8059-4C63-BAC1-E0E31398E19B}.Debug|Any CPU.ActiveCfg = Debug|Any CPU
		{D0F186ED-8059-4C63-BAC1-E0E31398E19B}.Debug|Any CPU.Build.0 = Debug|Any CPU
		{D0F186ED-8059-4C63-BAC1-E0E31398E19B}.Release|Any CPU.ActiveCfg = Release|Any CPU
		{D0F186ED-8059-4C63-BAC1-E0E31398E19B}.Release|Any CPU.Build.0 = Release|Any CPU
		{45EBA692-2E1A-4597-B88A-E6FEF0FCBF0C}.Debug|Any CPU.ActiveCfg = Debug|Any CPU
		{45EBA692-2E1A-4597-B88A-E6FEF0FCBF0C}.Debug|Any CPU.Build.0 = Debug|Any CPU
		{45EBA692-2E1A-4597-B88A-E6FEF0FCBF0C}.Release|Any CPU.ActiveCfg = Release|Any CPU
		{45EBA692-2E1A-4597-B88A-E6FEF0FCBF0C}.Release|Any CPU.Build.0 = Release|Any CPU
		{CB56B352-ED0E-41EC-B712-9536E9D351DE}.Debug|Any CPU.ActiveCfg = Debug|Any CPU
		{CB56B352-ED0E-41EC-B712-9536E9D351DE}.Debug|Any CPU.Build.0 = Debug|Any CPU
		{CB56B352-ED0E-41EC-B712-9536E9D351DE}.Release|Any CPU.ActiveCfg = Release|Any CPU
		{CB56B352-ED0E-41EC-B712-9536E9D351DE}.Release|Any CPU.Build.0 = Release|Any CPU
		{63044CED-B199-489E-84BB-3CC386745F18}.Debug|Any CPU.ActiveCfg = Debug|Any CPU
		{63044CED-B199-489E-84BB-3CC386745F18}.Debug|Any CPU.Build.0 = Debug|Any CPU
		{63044CED-B199-489E-84BB-3CC386745F18}.Release|Any CPU.ActiveCfg = Release|Any CPU
		{63044CED-B199-489E-84BB-3CC386745F18}.Release|Any CPU.Build.0 = Release|Any CPU
		{BDA6B0BA-AF9F-4B7C-A7BD-8EE77C83ACCF}.Debug|Any CPU.ActiveCfg = Debug|Any CPU
		{BDA6B0BA-AF9F-4B7C-A7BD-8EE77C83ACCF}.Debug|Any CPU.Build.0 = Debug|Any CPU
		{BDA6B0BA-AF9F-4B7C-A7BD-8EE77C83ACCF}.Release|Any CPU.ActiveCfg = Release|Any CPU
		{BDA6B0BA-AF9F-4B7C-A7BD-8EE77C83ACCF}.Release|Any CPU.Build.0 = Release|Any CPU
		{53D42206-66BD-42B1-A2A1-114692C72F1E}.Debug|Any CPU.ActiveCfg = Debug|Any CPU
		{53D42206-66BD-42B1-A2A1-114692C72F1E}.Debug|Any CPU.Build.0 = Debug|Any CPU
		{53D42206-66BD-42B1-A2A1-114692C72F1E}.Release|Any CPU.ActiveCfg = Release|Any CPU
		{53D42206-66BD-42B1-A2A1-114692C72F1E}.Release|Any CPU.Build.0 = Release|Any CPU
		{4EEA3E95-FBD5-4089-B66C-0B33556444FB}.Debug|Any CPU.ActiveCfg = Debug|Any CPU
		{4EEA3E95-FBD5-4089-B66C-0B33556444FB}.Debug|Any CPU.Build.0 = Debug|Any CPU
		{4EEA3E95-FBD5-4089-B66C-0B33556444FB}.Release|Any CPU.ActiveCfg = Release|Any CPU
		{4EEA3E95-FBD5-4089-B66C-0B33556444FB}.Release|Any CPU.Build.0 = Release|Any CPU
		{4D30D51A-DBA2-4FF6-A29B-012928242DCB}.Debug|Any CPU.ActiveCfg = Debug|Any CPU
		{4D30D51A-DBA2-4FF6-A29B-012928242DCB}.Debug|Any CPU.Build.0 = Debug|Any CPU
		{4D30D51A-DBA2-4FF6-A29B-012928242DCB}.Release|Any CPU.ActiveCfg = Release|Any CPU
		{4D30D51A-DBA2-4FF6-A29B-012928242DCB}.Release|Any CPU.Build.0 = Release|Any CPU
		{7901F11A-357D-4ABE-BB8A-0B968E6BA1B0}.Debug|Any CPU.ActiveCfg = Debug|Any CPU
		{7901F11A-357D-4ABE-BB8A-0B968E6BA1B0}.Debug|Any CPU.Build.0 = Debug|Any CPU
		{7901F11A-357D-4ABE-BB8A-0B968E6BA1B0}.Release|Any CPU.ActiveCfg = Release|Any CPU
		{7901F11A-357D-4ABE-BB8A-0B968E6BA1B0}.Release|Any CPU.Build.0 = Release|Any CPU
	EndGlobalSection
	GlobalSection(SolutionProperties) = preSolution
		HideSolutionNode = FALSE
	EndGlobalSection
	GlobalSection(NestedProjects) = preSolution
		{E2F6BFE3-634E-4C05-BB2A-573D6BD2571C} = {2545C598-4B32-4625-83C7-5902A397B431}
		{365B2778-F23C-41F8-8FAC-9CF83BAB6AEF} = {2545C598-4B32-4625-83C7-5902A397B431}
		{97355278-2A44-411C-B9F6-984148C90064} = {2545C598-4B32-4625-83C7-5902A397B431}
		{3EC6D9CD-E93D-4F0E-ABFF-EEF16CA00606} = {2545C598-4B32-4625-83C7-5902A397B431}
		{A8B9A528-8CEE-4C46-A13C-979E7BAEEF07} = {2545C598-4B32-4625-83C7-5902A397B431}
		{5AB80B54-2BC8-4351-AE49-C9A164285DD4} = {2545C598-4B32-4625-83C7-5902A397B431}
		{4DA4A7D8-CFB0-469E-B75D-CF8F0BB31240} = {2545C598-4B32-4625-83C7-5902A397B431}
		{D0F186ED-8059-4C63-BAC1-E0E31398E19B} = {2545C598-4B32-4625-83C7-5902A397B431}
		{45EBA692-2E1A-4597-B88A-E6FEF0FCBF0C} = {2545C598-4B32-4625-83C7-5902A397B431}
		{CB56B352-ED0E-41EC-B712-9536E9D351DE} = {1E8366F9-6154-49FF-98F4-9AA2B22C095F}
		{63044CED-B199-489E-84BB-3CC386745F18} = {1E8366F9-6154-49FF-98F4-9AA2B22C095F}
		{BDA6B0BA-AF9F-4B7C-A7BD-8EE77C83ACCF} = {1E8366F9-6154-49FF-98F4-9AA2B22C095F}
		{53D42206-66BD-42B1-A2A1-114692C72F1E} = {1E8366F9-6154-49FF-98F4-9AA2B22C095F}
		{4EEA3E95-FBD5-4089-B66C-0B33556444FB} = {1E8366F9-6154-49FF-98F4-9AA2B22C095F}
		{4D30D51A-DBA2-4FF6-A29B-012928242DCB} = {1E8366F9-6154-49FF-98F4-9AA2B22C095F}
		{7901F11A-357D-4ABE-BB8A-0B968E6BA1B0} = {1E8366F9-6154-49FF-98F4-9AA2B22C095F}
	EndGlobalSection
	GlobalSection(ExtensibilityGlobals) = postSolution
		SolutionGuid = {FACB3D0B-0094-4E94-9CE9-523462B6FA96}
	EndGlobalSection
EndGlobal
