
Microsoft Visual Studio Solution File, Format Version 12.00
# Visual Studio Version 17
VisualStudioVersion = 17.3.32811.315
MinimumVisualStudioVersion = 10.0.40219.1
Project("{9A19103F-16F7-4668-BE54-9A1E7A4F7556}") = "Console", "Console\Console.csproj", "{CDC7B709-AA90-46E8-8651-684A8887C4AD}"
EndProject
Project("{2150E333-8FDC-42A3-9474-1A3956D46DE8}") = "Clase 1", "Clase 1", "{2545C598-4B32-4625-83C7-5902A397B431}"
EndProject
Project("{9A19103F-16F7-4668-BE54-9A1E7A4F7556}") = "Ejercicio_01", "Ejercicio_01\Ejercicio_01.csproj", "{E2F6BFE3-634E-4C05-BB2A-573D6BD2571C}"
EndProject
Project("{9A19103F-16F7-4668-BE54-9A1E7A4F7556}") = "Ejercicio_02", "Ejercicio_02\Ejercicio_02.csproj", "{365B2778-F23C-41F8-8FAC-9CF83BAB6AEF}"
EndProject
Project("{9A19103F-16F7-4668-BE54-9A1E7A4F7556}") = "Ejercicio_03", "Ejercicio_03\Ejercicio_03.csproj", "{97355278-2A44-411C-B9F6-984148C90064}"
EndProject
Project("{9A19103F-16F7-4668-BE54-9A1E7A4F7556}") = "Ejercicio_04", "Ejercicio_04\Ejercicio_04.csproj", "{3EC6D9CD-E93D-4F0E-ABFF-EEF16CA00606}"
EndProject
Project("{9A19103F-16F7-4668-BE54-9A1E7A4F7556}") = "Ejercicio_05", "Ejercicio_05\Ejercicio_05.csproj", "{A8B9A528-8CEE-4C46-A13C-979E7BAEEF07}"
EndProject
Project("{9A19103F-16F7-4668-BE54-9A1E7A4F7556}") = "Ejercicio_06", "Ejercicio_06\Ejercicio_06.csproj", "{5AB80B54-2BC8-4351-AE49-C9A164285DD4}"
EndProject
Project("{FAE04EC0-301F-11D3-BF4B-00C04F79EFBC}") = "Ejercicio_07", "Ejercicio_07\Ejercicio_07.csproj", "{4DA4A7D8-CFB0-469E-B75D-CF8F0BB31240}"
EndProject
Global
	GlobalSection(SolutionConfigurationPlatforms) = preSolution
		Debug|Any CPU = Debug|Any CPU
		Release|Any CPU = Release|Any CPU
	EndGlobalSection
	GlobalSection(ProjectConfigurationPlatforms) = postSolution
		{CDC7B709-AA90-46E8-8651-684A8887C4AD}.Debug|Any CPU.ActiveCfg = Debug|Any CPU
		{CDC7B709-AA90-46E8-8651-684A8887C4AD}.Debug|Any CPU.Build.0 = Debug|Any CPU
		{CDC7B709-AA90-46E8-8651-684A8887C4AD}.Release|Any CPU.ActiveCfg = Release|Any CPU
		{CDC7B709-AA90-46E8-8651-684A8887C4AD}.Release|Any CPU.Build.0 = Release|Any CPU
		{E2F6BFE3-634E-4C05-BB2A-573D6BD2571C}.Debug|Any CPU.ActiveCfg = Debug|Any CPU
		{E2F6BFE3-634E-4C05-BB2A-573D6BD2571C}.Debug|Any CPU.Build.0 = Debug|Any CPU
		{E2F6BFE3-634E-4C05-BB2A-573D6BD2571C}.Release|Any CPU.ActiveCfg = Release|Any CPU
		{E2F6BFE3-634E-4C05-BB2A-573D6BD2571C}.Release|Any CPU.Build.0 = Release|Any CPU
		{365B2778-F23C-41F8-8FAC-9CF83BAB6AEF}.Debug|Any CPU.ActiveCfg = Debug|Any CPU
		{365B2778-F23C-41F8-8FAC-9CF83BAB6AEF}.Debug|Any CPU.Build.0 = Debug|Any CPU
		{365B2778-F23C-41F8-8FAC-9CF83BAB6AEF}.Release|Any CPU.ActiveCfg = Release|Any CPU
		{365B2778-F23C-41F8-8FAC-9CF83BAB6AEF}.Release|Any CPU.Build.0 = Release|Any CPU
		{97355278-2A44-411C-B9F6-984148C90064}.Debug|Any CPU.ActiveCfg = Debug|Any CPU
		{97355278-2A44-411C-B9F6-984148C90064}.Debug|Any CPU.Build.0 = Debug|Any CPU
		{97355278-2A44-411C-B9F6-984148C90064}.Release|Any CPU.ActiveCfg = Release|Any CPU
		{97355278-2A44-411C-B9F6-984148C90064}.Release|Any CPU.Build.0 = Release|Any CPU
		{3EC6D9CD-E93D-4F0E-ABFF-EEF16CA00606}.Debug|Any CPU.ActiveCfg = Debug|Any CPU
		{3EC6D9CD-E93D-4F0E-ABFF-EEF16CA00606}.Debug|Any CPU.Build.0 = Debug|Any CPU
		{3EC6D9CD-E93D-4F0E-ABFF-EEF16CA00606}.Release|Any CPU.ActiveCfg = Release|Any CPU
		{3EC6D9CD-E93D-4F0E-ABFF-EEF16CA00606}.Release|Any CPU.Build.0 = Release|Any CPU
		{A8B9A528-8CEE-4C46-A13C-979E7BAEEF07}.Debug|Any CPU.ActiveCfg = Debug|Any CPU
		{A8B9A528-8CEE-4C46-A13C-979E7BAEEF07}.Debug|Any CPU.Build.0 = Debug|Any CPU
		{A8B9A528-8CEE-4C46-A13C-979E7BAEEF07}.Release|Any CPU.ActiveCfg = Release|Any CPU
		{A8B9A528-8CEE-4C46-A13C-979E7BAEEF07}.Release|Any CPU.Build.0 = Release|Any CPU
		{5AB80B54-2BC8-4351-AE49-C9A164285DD4}.Debug|Any CPU.ActiveCfg = Debug|Any CPU
		{5AB80B54-2BC8-4351-AE49-C9A164285DD4}.Debug|Any CPU.Build.0 = Debug|Any CPU
		{5AB80B54-2BC8-4351-AE49-C9A164285DD4}.Release|Any CPU.ActiveCfg = Release|Any CPU
		{5AB80B54-2BC8-4351-AE49-C9A164285DD4}.Release|Any CPU.Build.0 = Release|Any CPU
		{4DA4A7D8-CFB0-469E-B75D-CF8F0BB31240}.Debug|Any CPU.ActiveCfg = Debug|Any CPU
		{4DA4A7D8-CFB0-469E-B75D-CF8F0BB31240}.Debug|Any CPU.Build.0 = Debug|Any CPU
		{4DA4A7D8-CFB0-469E-B75D-CF8F0BB31240}.Release|Any CPU.ActiveCfg = Release|Any CPU
		{4DA4A7D8-CFB0-469E-B75D-CF8F0BB31240}.Release|Any CPU.Build.0 = Release|Any CPU
	EndGlobalSection
	GlobalSection(SolutionProperties) = preSolution
		HideSolutionNode = FALSE
	EndGlobalSection
	GlobalSection(NestedProjects) = preSolution
		{E2F6BFE3-634E-4C05-BB2A-573D6BD2571C} = {2545C598-4B32-4625-83C7-5902A397B431}
		{365B2778-F23C-41F8-8FAC-9CF83BAB6AEF} = {2545C598-4B32-4625-83C7-5902A397B431}
		{97355278-2A44-411C-B9F6-984148C90064} = {2545C598-4B32-4625-83C7-5902A397B431}
		{3EC6D9CD-E93D-4F0E-ABFF-EEF16CA00606} = {2545C598-4B32-4625-83C7-5902A397B431}
		{A8B9A528-8CEE-4C46-A13C-979E7BAEEF07} = {2545C598-4B32-4625-83C7-5902A397B431}
		{5AB80B54-2BC8-4351-AE49-C9A164285DD4} = {2545C598-4B32-4625-83C7-5902A397B431}
		{4DA4A7D8-CFB0-469E-B75D-CF8F0BB31240} = {2545C598-4B32-4625-83C7-5902A397B431}
	EndGlobalSection
	GlobalSection(ExtensibilityGlobals) = postSolution
		SolutionGuid = {FACB3D0B-0094-4E94-9CE9-523462B6FA96}
	EndGlobalSection
EndGlobal
